
Microsoft Visual Studio Solution File, Format Version 12.00
# Visual Studio 14
VisualStudioVersion = 14.0.25420.1
MinimumVisualStudioVersion = 10.0.40219.1
Project("{FAE04EC0-301F-11D3-BF4B-00C04F79EFBC}") = "UserApp", "CalculatorApp\UserApp.csproj", "{FAF88A2D-48B8-4DC3-A886-EB8F23588DF7}"
EndProject
Project("{FAE04EC0-301F-11D3-BF4B-00C04F79EFBC}") = "UnitTestProject", "UnitTestProject\UnitTestProject.csproj", "{AC20A4D4-CC54-4AB3-821F-8B15BC2BA4EA}"
EndProject
Global
	GlobalSection(SolutionConfigurationPlatforms) = preSolution
		Debug|Any CPU = Debug|Any CPU
		Release|Any CPU = Release|Any CPU
	EndGlobalSection
	GlobalSection(ProjectConfigurationPlatforms) = postSolution
		{FAF88A2D-48B8-4DC3-A886-EB8F23588DF7}.Debug|Any CPU.ActiveCfg = Debug|Any CPU
		{FAF88A2D-48B8-4DC3-A886-EB8F23588DF7}.Debug|Any CPU.Build.0 = Debug|Any CPU
		{FAF88A2D-48B8-4DC3-A886-EB8F23588DF7}.Release|Any CPU.ActiveCfg = Release|Any CPU
		{FAF88A2D-48B8-4DC3-A886-EB8F23588DF7}.Release|Any CPU.Build.0 = Release|Any CPU
		{AC20A4D4-CC54-4AB3-821F-8B15BC2BA4EA}.Debug|Any CPU.ActiveCfg = Debug|Any CPU
		{AC20A4D4-CC54-4AB3-821F-8B15BC2BA4EA}.Debug|Any CPU.Build.0 = Debug|Any CPU
		{AC20A4D4-CC54-4AB3-821F-8B15BC2BA4EA}.Release|Any CPU.ActiveCfg = Release|Any CPU
		{AC20A4D4-CC54-4AB3-821F-8B15BC2BA4EA}.Release|Any CPU.Build.0 = Release|Any CPU
	EndGlobalSection
	GlobalSection(SolutionProperties) = preSolution
		HideSolutionNode = FALSE
	EndGlobalSection
EndGlobal
